// !$*UTF8*$!
{
	archiveVersion = 1;
	classes = {
	};
	objectVersion = 55;
	objects = {

/* Begin PBXBuildFile section */
		6368DA01167F21E32DC24FAC /* Pods_OKTMDb.framework in Frameworks */ = {isa = PBXBuildFile; fileRef = EE2685F4030CE902DA5720E4 /* Pods_OKTMDb.framework */; };
		95034811285DDE9900EB572E /* AppDelegate.swift in Sources */ = {isa = PBXBuildFile; fileRef = 95034810285DDE9900EB572E /* AppDelegate.swift */; };
		95034813285DDE9900EB572E /* SceneDelegate.swift in Sources */ = {isa = PBXBuildFile; fileRef = 95034812285DDE9900EB572E /* SceneDelegate.swift */; };
		95034818285DDE9900EB572E /* Main.storyboard in Resources */ = {isa = PBXBuildFile; fileRef = 95034816285DDE9900EB572E /* Main.storyboard */; };
		9503481A285DDE9900EB572E /* Assets.xcassets in Resources */ = {isa = PBXBuildFile; fileRef = 95034819285DDE9900EB572E /* Assets.xcassets */; };
		9503481D285DDE9900EB572E /* LaunchScreen.storyboard in Resources */ = {isa = PBXBuildFile; fileRef = 9503481B285DDE9900EB572E /* LaunchScreen.storyboard */; };
		957D79F4285E075300DF8047 /* MainViewController.swift in Sources */ = {isa = PBXBuildFile; fileRef = 957D79F3285E075300DF8047 /* MainViewController.swift */; };
		957D79F6285E075D00DF8047 /* DetailViewController.swift in Sources */ = {isa = PBXBuildFile; fileRef = 957D79F5285E075D00DF8047 /* DetailViewController.swift */; };
		957D79FA285E0A4400DF8047 /* RequestError.swift in Sources */ = {isa = PBXBuildFile; fileRef = 957D79F9285E0A4400DF8047 /* RequestError.swift */; };
		957D79FC285E0FA700DF8047 /* APIClient.swift in Sources */ = {isa = PBXBuildFile; fileRef = 957D79FB285E0FA700DF8047 /* APIClient.swift */; };
		957D79FE285E108000DF8047 /* APIRouter.swift in Sources */ = {isa = PBXBuildFile; fileRef = 957D79FD285E108000DF8047 /* APIRouter.swift */; };
		957D7A00285E16C800DF8047 /* Properties.swift in Sources */ = {isa = PBXBuildFile; fileRef = 957D79FF285E16C800DF8047 /* Properties.swift */; };
		957D7A02285E290F00DF8047 /* MainViewModel.swift in Sources */ = {isa = PBXBuildFile; fileRef = 957D7A01285E290F00DF8047 /* MainViewModel.swift */; };
		957D7A04285E293600DF8047 /* MainContracts.swift in Sources */ = {isa = PBXBuildFile; fileRef = 957D7A03285E293600DF8047 /* MainContracts.swift */; };
		957D7A0A285E510000DF8047 /* MovieListModel.swift in Sources */ = {isa = PBXBuildFile; fileRef = 957D7A09285E510000DF8047 /* MovieListModel.swift */; };
		957D7A0F285E748800DF8047 /* NowPlayingListCollectionViewCell.swift in Sources */ = {isa = PBXBuildFile; fileRef = 957D7A0D285E748800DF8047 /* NowPlayingListCollectionViewCell.swift */; };
		957D7A10285E748800DF8047 /* NowPlayingListCollectionViewCell.xib in Resources */ = {isa = PBXBuildFile; fileRef = 957D7A0E285E748800DF8047 /* NowPlayingListCollectionViewCell.xib */; };
		957D7A12285E776100DF8047 /* UIImageView+Ext.swift in Sources */ = {isa = PBXBuildFile; fileRef = 957D7A11285E776100DF8047 /* UIImageView+Ext.swift */; };
		957D7A15285E88A000DF8047 /* UpcomingListTableViewCell.swift in Sources */ = {isa = PBXBuildFile; fileRef = 957D7A13285E88A000DF8047 /* UpcomingListTableViewCell.swift */; };
		957D7A16285E88A000DF8047 /* UpcomingListTableViewCell.xib in Resources */ = {isa = PBXBuildFile; fileRef = 957D7A14285E88A000DF8047 /* UpcomingListTableViewCell.xib */; };
		957D7A18285E8D6E00DF8047 /* String+Ext.swift in Sources */ = {isa = PBXBuildFile; fileRef = 957D7A17285E8D6E00DF8047 /* String+Ext.swift */; };
		957D7A1A285E8D8900DF8047 /* Date+Ext.swift in Sources */ = {isa = PBXBuildFile; fileRef = 957D7A19285E8D8900DF8047 /* Date+Ext.swift */; };
		95FB3FA1285F54DB002304FD /* NowPlayingListTableViewCell.swift in Sources */ = {isa = PBXBuildFile; fileRef = 95FB3F9F285F54DB002304FD /* NowPlayingListTableViewCell.swift */; };
		95FB3FA2285F54DB002304FD /* NowPlayingListTableViewCell.xib in Resources */ = {isa = PBXBuildFile; fileRef = 95FB3FA0285F54DB002304FD /* NowPlayingListTableViewCell.xib */; };
		95FB3FA4285F60A6002304FD /* DetailViewModel.swift in Sources */ = {isa = PBXBuildFile; fileRef = 95FB3FA3285F60A6002304FD /* DetailViewModel.swift */; };
		95FB3FA6285F60AF002304FD /* DetailContracts.swift in Sources */ = {isa = PBXBuildFile; fileRef = 95FB3FA5285F60AF002304FD /* DetailContracts.swift */; };
		95FB3FA8285F610D002304FD /* MovieDetailModel.swift in Sources */ = {isa = PBXBuildFile; fileRef = 95FB3FA7285F610D002304FD /* MovieDetailModel.swift */; };
		95FB3FAA285F69DA002304FD /* UILabel+Ext.swift in Sources */ = {isa = PBXBuildFile; fileRef = 95FB3FA9285F69DA002304FD /* UILabel+Ext.swift */; };
/* End PBXBuildFile section */

/* Begin PBXFileReference section */
		9503480D285DDE9900EB572E /* OKTMDb.app */ = {isa = PBXFileReference; explicitFileType = wrapper.application; includeInIndex = 0; path = OKTMDb.app; sourceTree = BUILT_PRODUCTS_DIR; };
		95034810285DDE9900EB572E /* AppDelegate.swift */ = {isa = PBXFileReference; lastKnownFileType = sourcecode.swift; path = AppDelegate.swift; sourceTree = "<group>"; };
		95034812285DDE9900EB572E /* SceneDelegate.swift */ = {isa = PBXFileReference; lastKnownFileType = sourcecode.swift; path = SceneDelegate.swift; sourceTree = "<group>"; };
		95034817285DDE9900EB572E /* Base */ = {isa = PBXFileReference; lastKnownFileType = file.storyboard; name = Base; path = Base.lproj/Main.storyboard; sourceTree = "<group>"; };
		95034819285DDE9900EB572E /* Assets.xcassets */ = {isa = PBXFileReference; lastKnownFileType = folder.assetcatalog; path = Assets.xcassets; sourceTree = "<group>"; };
		9503481C285DDE9900EB572E /* Base */ = {isa = PBXFileReference; lastKnownFileType = file.storyboard; name = Base; path = Base.lproj/LaunchScreen.storyboard; sourceTree = "<group>"; };
		9503481E285DDE9900EB572E /* Info.plist */ = {isa = PBXFileReference; lastKnownFileType = text.plist.xml; path = Info.plist; sourceTree = "<group>"; };
		957D79F3285E075300DF8047 /* MainViewController.swift */ = {isa = PBXFileReference; lastKnownFileType = sourcecode.swift; path = MainViewController.swift; sourceTree = "<group>"; };
		957D79F5285E075D00DF8047 /* DetailViewController.swift */ = {isa = PBXFileReference; lastKnownFileType = sourcecode.swift; path = DetailViewController.swift; sourceTree = "<group>"; };
		957D79F9285E0A4400DF8047 /* RequestError.swift */ = {isa = PBXFileReference; lastKnownFileType = sourcecode.swift; path = RequestError.swift; sourceTree = "<group>"; };
		957D79FB285E0FA700DF8047 /* APIClient.swift */ = {isa = PBXFileReference; lastKnownFileType = sourcecode.swift; path = APIClient.swift; sourceTree = "<group>"; };
		957D79FD285E108000DF8047 /* APIRouter.swift */ = {isa = PBXFileReference; lastKnownFileType = sourcecode.swift; path = APIRouter.swift; sourceTree = "<group>"; };
		957D79FF285E16C800DF8047 /* Properties.swift */ = {isa = PBXFileReference; lastKnownFileType = sourcecode.swift; path = Properties.swift; sourceTree = "<group>"; };
		957D7A01285E290F00DF8047 /* MainViewModel.swift */ = {isa = PBXFileReference; lastKnownFileType = sourcecode.swift; path = MainViewModel.swift; sourceTree = "<group>"; };
		957D7A03285E293600DF8047 /* MainContracts.swift */ = {isa = PBXFileReference; lastKnownFileType = sourcecode.swift; path = MainContracts.swift; sourceTree = "<group>"; };
		957D7A09285E510000DF8047 /* MovieListModel.swift */ = {isa = PBXFileReference; lastKnownFileType = sourcecode.swift; path = MovieListModel.swift; sourceTree = "<group>"; };
		957D7A0D285E748800DF8047 /* NowPlayingListCollectionViewCell.swift */ = {isa = PBXFileReference; lastKnownFileType = sourcecode.swift; path = NowPlayingListCollectionViewCell.swift; sourceTree = "<group>"; };
		957D7A0E285E748800DF8047 /* NowPlayingListCollectionViewCell.xib */ = {isa = PBXFileReference; lastKnownFileType = file.xib; path = NowPlayingListCollectionViewCell.xib; sourceTree = "<group>"; };
		957D7A11285E776100DF8047 /* UIImageView+Ext.swift */ = {isa = PBXFileReference; lastKnownFileType = sourcecode.swift; path = "UIImageView+Ext.swift"; sourceTree = "<group>"; };
		957D7A13285E88A000DF8047 /* UpcomingListTableViewCell.swift */ = {isa = PBXFileReference; lastKnownFileType = sourcecode.swift; path = UpcomingListTableViewCell.swift; sourceTree = "<group>"; };
		957D7A14285E88A000DF8047 /* UpcomingListTableViewCell.xib */ = {isa = PBXFileReference; lastKnownFileType = file.xib; path = UpcomingListTableViewCell.xib; sourceTree = "<group>"; };
		957D7A17285E8D6E00DF8047 /* String+Ext.swift */ = {isa = PBXFileReference; lastKnownFileType = sourcecode.swift; path = "String+Ext.swift"; sourceTree = "<group>"; };
		957D7A19285E8D8900DF8047 /* Date+Ext.swift */ = {isa = PBXFileReference; lastKnownFileType = sourcecode.swift; path = "Date+Ext.swift"; sourceTree = "<group>"; };
		95FB3F9F285F54DB002304FD /* NowPlayingListTableViewCell.swift */ = {isa = PBXFileReference; lastKnownFileType = sourcecode.swift; path = NowPlayingListTableViewCell.swift; sourceTree = "<group>"; };
		95FB3FA0285F54DB002304FD /* NowPlayingListTableViewCell.xib */ = {isa = PBXFileReference; lastKnownFileType = file.xib; path = NowPlayingListTableViewCell.xib; sourceTree = "<group>"; };
		95FB3FA3285F60A6002304FD /* DetailViewModel.swift */ = {isa = PBXFileReference; lastKnownFileType = sourcecode.swift; path = DetailViewModel.swift; sourceTree = "<group>"; };
		95FB3FA5285F60AF002304FD /* DetailContracts.swift */ = {isa = PBXFileReference; lastKnownFileType = sourcecode.swift; path = DetailContracts.swift; sourceTree = "<group>"; };
		95FB3FA7285F610D002304FD /* MovieDetailModel.swift */ = {isa = PBXFileReference; lastKnownFileType = sourcecode.swift; path = MovieDetailModel.swift; sourceTree = "<group>"; };
		95FB3FA9285F69DA002304FD /* UILabel+Ext.swift */ = {isa = PBXFileReference; lastKnownFileType = sourcecode.swift; path = "UILabel+Ext.swift"; sourceTree = "<group>"; };
		EAC5426C075271B3E7DA09F9 /* Pods-OKTMDb.release.xcconfig */ = {isa = PBXFileReference; includeInIndex = 1; lastKnownFileType = text.xcconfig; name = "Pods-OKTMDb.release.xcconfig"; path = "Target Support Files/Pods-OKTMDb/Pods-OKTMDb.release.xcconfig"; sourceTree = "<group>"; };
		EE2685F4030CE902DA5720E4 /* Pods_OKTMDb.framework */ = {isa = PBXFileReference; explicitFileType = wrapper.framework; includeInIndex = 0; path = Pods_OKTMDb.framework; sourceTree = BUILT_PRODUCTS_DIR; };
		FB7D5A3F393A7A3E1BBD616B /* Pods-OKTMDb.debug.xcconfig */ = {isa = PBXFileReference; includeInIndex = 1; lastKnownFileType = text.xcconfig; name = "Pods-OKTMDb.debug.xcconfig"; path = "Target Support Files/Pods-OKTMDb/Pods-OKTMDb.debug.xcconfig"; sourceTree = "<group>"; };
/* End PBXFileReference section */

/* Begin PBXFrameworksBuildPhase section */
		9503480A285DDE9900EB572E /* Frameworks */ = {
			isa = PBXFrameworksBuildPhase;
			buildActionMask = 2147483647;
			files = (
				6368DA01167F21E32DC24FAC /* Pods_OKTMDb.framework in Frameworks */,
			);
			runOnlyForDeploymentPostprocessing = 0;
		};
/* End PBXFrameworksBuildPhase section */

/* Begin PBXGroup section */
		7BB82FE021CD707DB6AC69F0 /* Pods */ = {
			isa = PBXGroup;
			children = (
				FB7D5A3F393A7A3E1BBD616B /* Pods-OKTMDb.debug.xcconfig */,
				EAC5426C075271B3E7DA09F9 /* Pods-OKTMDb.release.xcconfig */,
			);
			path = Pods;
			sourceTree = "<group>";
		};
		918D0490009A2B847DCB9308 /* Frameworks */ = {
			isa = PBXGroup;
			children = (
				EE2685F4030CE902DA5720E4 /* Pods_OKTMDb.framework */,
			);
			name = Frameworks;
			sourceTree = "<group>";
		};
		95034804285DDE9900EB572E = {
			isa = PBXGroup;
			children = (
				9503480F285DDE9900EB572E /* OKTMDb */,
				9503480E285DDE9900EB572E /* Products */,
				7BB82FE021CD707DB6AC69F0 /* Pods */,
				918D0490009A2B847DCB9308 /* Frameworks */,
			);
			sourceTree = "<group>";
		};
		9503480E285DDE9900EB572E /* Products */ = {
			isa = PBXGroup;
			children = (
				9503480D285DDE9900EB572E /* OKTMDb.app */,
			);
			name = Products;
			sourceTree = "<group>";
		};
		9503480F285DDE9900EB572E /* OKTMDb */ = {
			isa = PBXGroup;
			children = (
				957D79EF285E06D600DF8047 /* Utilities */,
				957D79EE285E06D100DF8047 /* Networking */,
				957D79ED285E06C100DF8047 /* Model */,
				957D79EC285E06BC00DF8047 /* Screens */,
				957D79F0285E06DF00DF8047 /* CustomViews */,
				957D79EB285E06AF00DF8047 /* Storyboards */,
				957D79EA285E06A500DF8047 /* Resources */,
				957D79E9285E069D00DF8047 /* SupportFiles */,
			);
			path = OKTMDb;
			sourceTree = "<group>";
		};
		957D79E9285E069D00DF8047 /* SupportFiles */ = {
			isa = PBXGroup;
			children = (
				95034810285DDE9900EB572E /* AppDelegate.swift */,
				95034812285DDE9900EB572E /* SceneDelegate.swift */,
				9503481E285DDE9900EB572E /* Info.plist */,
			);
			path = SupportFiles;
			sourceTree = "<group>";
		};
		957D79EA285E06A500DF8047 /* Resources */ = {
			isa = PBXGroup;
			children = (
				95034819285DDE9900EB572E /* Assets.xcassets */,
			);
			path = Resources;
			sourceTree = "<group>";
		};
		957D79EB285E06AF00DF8047 /* Storyboards */ = {
			isa = PBXGroup;
			children = (
				95034816285DDE9900EB572E /* Main.storyboard */,
				9503481B285DDE9900EB572E /* LaunchScreen.storyboard */,
			);
			path = Storyboards;
			sourceTree = "<group>";
		};
		957D79EC285E06BC00DF8047 /* Screens */ = {
			isa = PBXGroup;
			children = (
				957D79F1285E073700DF8047 /* Main */,
				957D79F2285E074100DF8047 /* Detail */,
			);
			path = Screens;
			sourceTree = "<group>";
		};
		957D79ED285E06C100DF8047 /* Model */ = {
			isa = PBXGroup;
			children = (
				957D7A09285E510000DF8047 /* MovieListModel.swift */,
				95FB3FA7285F610D002304FD /* MovieDetailModel.swift */,
			);
			path = Model;
			sourceTree = "<group>";
		};
		957D79EE285E06D100DF8047 /* Networking */ = {
			isa = PBXGroup;
			children = (
				957D79FD285E108000DF8047 /* APIRouter.swift */,
				957D79FB285E0FA700DF8047 /* APIClient.swift */,
				957D79F9285E0A4400DF8047 /* RequestError.swift */,
			);
			path = Networking;
			sourceTree = "<group>";
		};
		957D79EF285E06D600DF8047 /* Utilities */ = {
			isa = PBXGroup;
			children = (
				957D79F8285E07E100DF8047 /* Extensions */,
				957D79FF285E16C800DF8047 /* Properties.swift */,
			);
			path = Utilities;
			sourceTree = "<group>";
		};
		957D79F0285E06DF00DF8047 /* CustomViews */ = {
			isa = PBXGroup;
			children = (
				957D79F7285E07C800DF8047 /* Cells */,
			);
			path = CustomViews;
			sourceTree = "<group>";
		};
		957D79F1285E073700DF8047 /* Main */ = {
			isa = PBXGroup;
			children = (
				957D79F3285E075300DF8047 /* MainViewController.swift */,
				957D7A01285E290F00DF8047 /* MainViewModel.swift */,
				957D7A03285E293600DF8047 /* MainContracts.swift */,
			);
			path = Main;
			sourceTree = "<group>";
		};
		957D79F2285E074100DF8047 /* Detail */ = {
			isa = PBXGroup;
			children = (
				957D79F5285E075D00DF8047 /* DetailViewController.swift */,
				95FB3FA3285F60A6002304FD /* DetailViewModel.swift */,
				95FB3FA5285F60AF002304FD /* DetailContracts.swift */,
			);
			path = Detail;
			sourceTree = "<group>";
		};
		957D79F7285E07C800DF8047 /* Cells */ = {
			isa = PBXGroup;
			children = (
				957D7A13285E88A000DF8047 /* UpcomingListTableViewCell.swift */,
				957D7A14285E88A000DF8047 /* UpcomingListTableViewCell.xib */,
				95FB3F9F285F54DB002304FD /* NowPlayingListTableViewCell.swift */,
				95FB3FA0285F54DB002304FD /* NowPlayingListTableViewCell.xib */,
				957D7A0D285E748800DF8047 /* NowPlayingListCollectionViewCell.swift */,
				957D7A0E285E748800DF8047 /* NowPlayingListCollectionViewCell.xib */,
			);
			path = Cells;
			sourceTree = "<group>";
		};
		957D79F8285E07E100DF8047 /* Extensions */ = {
			isa = PBXGroup;
			children = (
				957D7A11285E776100DF8047 /* UIImageView+Ext.swift */,
				957D7A17285E8D6E00DF8047 /* String+Ext.swift */,
				957D7A19285E8D8900DF8047 /* Date+Ext.swift */,
				95FB3FA9285F69DA002304FD /* UILabel+Ext.swift */,
			);
			path = Extensions;
			sourceTree = "<group>";
		};
/* End PBXGroup section */

/* Begin PBXNativeTarget section */
		9503480C285DDE9900EB572E /* OKTMDb */ = {
			isa = PBXNativeTarget;
			buildConfigurationList = 95034821285DDE9900EB572E /* Build configuration list for PBXNativeTarget "OKTMDb" */;
			buildPhases = (
				9A9ECF549261818970AFAB07 /* [CP] Check Pods Manifest.lock */,
				95034809285DDE9900EB572E /* Sources */,
				9503480A285DDE9900EB572E /* Frameworks */,
				9503480B285DDE9900EB572E /* Resources */,
				10EB91C5E21D52EBBB664837 /* [CP] Embed Pods Frameworks */,
			);
			buildRules = (
			);
			dependencies = (
			);
			name = OKTMDb;
			productName = OKTMDb;
			productReference = 9503480D285DDE9900EB572E /* OKTMDb.app */;
			productType = "com.apple.product-type.application";
		};
/* End PBXNativeTarget section */

/* Begin PBXProject section */
		95034805285DDE9900EB572E /* Project object */ = {
			isa = PBXProject;
			attributes = {
				BuildIndependentTargetsInParallel = 1;
				LastSwiftUpdateCheck = 1330;
				LastUpgradeCheck = 1330;
				TargetAttributes = {
					9503480C285DDE9900EB572E = {
						CreatedOnToolsVersion = 13.3;
					};
				};
			};
			buildConfigurationList = 95034808285DDE9900EB572E /* Build configuration list for PBXProject "OKTMDb" */;
			compatibilityVersion = "Xcode 13.0";
			developmentRegion = en;
			hasScannedForEncodings = 0;
			knownRegions = (
				en,
				Base,
			);
			mainGroup = 95034804285DDE9900EB572E;
			productRefGroup = 9503480E285DDE9900EB572E /* Products */;
			projectDirPath = "";
			projectRoot = "";
			targets = (
				9503480C285DDE9900EB572E /* OKTMDb */,
			);
		};
/* End PBXProject section */

/* Begin PBXResourcesBuildPhase section */
		9503480B285DDE9900EB572E /* Resources */ = {
			isa = PBXResourcesBuildPhase;
			buildActionMask = 2147483647;
			files = (
				957D7A10285E748800DF8047 /* NowPlayingListCollectionViewCell.xib in Resources */,
				9503481D285DDE9900EB572E /* LaunchScreen.storyboard in Resources */,
				9503481A285DDE9900EB572E /* Assets.xcassets in Resources */,
				957D7A16285E88A000DF8047 /* UpcomingListTableViewCell.xib in Resources */,
				95034818285DDE9900EB572E /* Main.storyboard in Resources */,
				95FB3FA2285F54DB002304FD /* NowPlayingListTableViewCell.xib in Resources */,
			);
			runOnlyForDeploymentPostprocessing = 0;
		};
/* End PBXResourcesBuildPhase section */

/* Begin PBXShellScriptBuildPhase section */
		10EB91C5E21D52EBBB664837 /* [CP] Embed Pods Frameworks */ = {
			isa = PBXShellScriptBuildPhase;
			buildActionMask = 2147483647;
			files = (
			);
			inputFileListPaths = (
				"${PODS_ROOT}/Target Support Files/Pods-OKTMDb/Pods-OKTMDb-frameworks-${CONFIGURATION}-input-files.xcfilelist",
			);
			name = "[CP] Embed Pods Frameworks";
			outputFileListPaths = (
				"${PODS_ROOT}/Target Support Files/Pods-OKTMDb/Pods-OKTMDb-frameworks-${CONFIGURATION}-output-files.xcfilelist",
			);
			runOnlyForDeploymentPostprocessing = 0;
			shellPath = /bin/sh;
			shellScript = "\"${PODS_ROOT}/Target Support Files/Pods-OKTMDb/Pods-OKTMDb-frameworks.sh\"\n";
			showEnvVarsInLog = 0;
		};
		9A9ECF549261818970AFAB07 /* [CP] Check Pods Manifest.lock */ = {
			isa = PBXShellScriptBuildPhase;
			buildActionMask = 2147483647;
			files = (
			);
			inputFileListPaths = (
			);
			inputPaths = (
				"${PODS_PODFILE_DIR_PATH}/Podfile.lock",
				"${PODS_ROOT}/Manifest.lock",
			);
			name = "[CP] Check Pods Manifest.lock";
			outputFileListPaths = (
			);
			outputPaths = (
				"$(DERIVED_FILE_DIR)/Pods-OKTMDb-checkManifestLockResult.txt",
			);
			runOnlyForDeploymentPostprocessing = 0;
			shellPath = /bin/sh;
			shellScript = "diff \"${PODS_PODFILE_DIR_PATH}/Podfile.lock\" \"${PODS_ROOT}/Manifest.lock\" > /dev/null\nif [ $? != 0 ] ; then\n    # print error to STDERR\n    echo \"error: The sandbox is not in sync with the Podfile.lock. Run 'pod install' or update your CocoaPods installation.\" >&2\n    exit 1\nfi\n# This output is used by Xcode 'outputs' to avoid re-running this script phase.\necho \"SUCCESS\" > \"${SCRIPT_OUTPUT_FILE_0}\"\n";
			showEnvVarsInLog = 0;
		};
/* End PBXShellScriptBuildPhase section */

/* Begin PBXSourcesBuildPhase section */
		95034809285DDE9900EB572E /* Sources */ = {
			isa = PBXSourcesBuildPhase;
			buildActionMask = 2147483647;
			files = (
				957D7A0F285E748800DF8047 /* NowPlayingListCollectionViewCell.swift in Sources */,
				957D7A15285E88A000DF8047 /* UpcomingListTableViewCell.swift in Sources */,
				957D7A0A285E510000DF8047 /* MovieListModel.swift in Sources */,
				957D7A1A285E8D8900DF8047 /* Date+Ext.swift in Sources */,
				957D7A18285E8D6E00DF8047 /* String+Ext.swift in Sources */,
				957D7A00285E16C800DF8047 /* Properties.swift in Sources */,
				957D79FE285E108000DF8047 /* APIRouter.swift in Sources */,
				957D79F4285E075300DF8047 /* MainViewController.swift in Sources */,
				957D79FA285E0A4400DF8047 /* RequestError.swift in Sources */,
				95FB3FA8285F610D002304FD /* MovieDetailModel.swift in Sources */,
				95034811285DDE9900EB572E /* AppDelegate.swift in Sources */,
				95034813285DDE9900EB572E /* SceneDelegate.swift in Sources */,
				95FB3FA6285F60AF002304FD /* DetailContracts.swift in Sources */,
				95FB3FAA285F69DA002304FD /* UILabel+Ext.swift in Sources */,
				957D7A12285E776100DF8047 /* UIImageView+Ext.swift in Sources */,
				957D7A04285E293600DF8047 /* MainContracts.swift in Sources */,
				95FB3FA4285F60A6002304FD /* DetailViewModel.swift in Sources */,
				957D79F6285E075D00DF8047 /* DetailViewController.swift in Sources */,
				95FB3FA1285F54DB002304FD /* NowPlayingListTableViewCell.swift in Sources */,
				957D79FC285E0FA700DF8047 /* APIClient.swift in Sources */,
				957D7A02285E290F00DF8047 /* MainViewModel.swift in Sources */,
			);
			runOnlyForDeploymentPostprocessing = 0;
		};
/* End PBXSourcesBuildPhase section */

/* Begin PBXVariantGroup section */
		95034816285DDE9900EB572E /* Main.storyboard */ = {
			isa = PBXVariantGroup;
			children = (
				95034817285DDE9900EB572E /* Base */,
			);
			name = Main.storyboard;
			sourceTree = "<group>";
		};
		9503481B285DDE9900EB572E /* LaunchScreen.storyboard */ = {
			isa = PBXVariantGroup;
			children = (
				9503481C285DDE9900EB572E /* Base */,
			);
			name = LaunchScreen.storyboard;
			sourceTree = "<group>";
		};
/* End PBXVariantGroup section */

/* Begin XCBuildConfiguration section */
		9503481F285DDE9900EB572E /* Debug */ = {
			isa = XCBuildConfiguration;
			buildSettings = {
				ALWAYS_SEARCH_USER_PATHS = NO;
				CLANG_ANALYZER_NONNULL = YES;
				CLANG_ANALYZER_NUMBER_OBJECT_CONVERSION = YES_AGGRESSIVE;
				CLANG_CXX_LANGUAGE_STANDARD = "gnu++17";
				CLANG_ENABLE_MODULES = YES;
				CLANG_ENABLE_OBJC_ARC = YES;
				CLANG_ENABLE_OBJC_WEAK = YES;
				CLANG_WARN_BLOCK_CAPTURE_AUTORELEASING = YES;
				CLANG_WARN_BOOL_CONVERSION = YES;
				CLANG_WARN_COMMA = YES;
				CLANG_WARN_CONSTANT_CONVERSION = YES;
				CLANG_WARN_DEPRECATED_OBJC_IMPLEMENTATIONS = YES;
				CLANG_WARN_DIRECT_OBJC_ISA_USAGE = YES_ERROR;
				CLANG_WARN_DOCUMENTATION_COMMENTS = YES;
				CLANG_WARN_EMPTY_BODY = YES;
				CLANG_WARN_ENUM_CONVERSION = YES;
				CLANG_WARN_INFINITE_RECURSION = YES;
				CLANG_WARN_INT_CONVERSION = YES;
				CLANG_WARN_NON_LITERAL_NULL_CONVERSION = YES;
				CLANG_WARN_OBJC_IMPLICIT_RETAIN_SELF = YES;
				CLANG_WARN_OBJC_LITERAL_CONVERSION = YES;
				CLANG_WARN_OBJC_ROOT_CLASS = YES_ERROR;
				CLANG_WARN_QUOTED_INCLUDE_IN_FRAMEWORK_HEADER = YES;
				CLANG_WARN_RANGE_LOOP_ANALYSIS = YES;
				CLANG_WARN_STRICT_PROTOTYPES = YES;
				CLANG_WARN_SUSPICIOUS_MOVE = YES;
				CLANG_WARN_UNGUARDED_AVAILABILITY = YES_AGGRESSIVE;
				CLANG_WARN_UNREACHABLE_CODE = YES;
				CLANG_WARN__DUPLICATE_METHOD_MATCH = YES;
				COPY_PHASE_STRIP = NO;
				DEBUG_INFORMATION_FORMAT = dwarf;
				ENABLE_STRICT_OBJC_MSGSEND = YES;
				ENABLE_TESTABILITY = YES;
				GCC_C_LANGUAGE_STANDARD = gnu11;
				GCC_DYNAMIC_NO_PIC = NO;
				GCC_NO_COMMON_BLOCKS = YES;
				GCC_OPTIMIZATION_LEVEL = 0;
				GCC_PREPROCESSOR_DEFINITIONS = (
					"DEBUG=1",
					"$(inherited)",
				);
				GCC_WARN_64_TO_32_BIT_CONVERSION = YES;
				GCC_WARN_ABOUT_RETURN_TYPE = YES_ERROR;
				GCC_WARN_UNDECLARED_SELECTOR = YES;
				GCC_WARN_UNINITIALIZED_AUTOS = YES_AGGRESSIVE;
				GCC_WARN_UNUSED_FUNCTION = YES;
				GCC_WARN_UNUSED_VARIABLE = YES;
				IPHONEOS_DEPLOYMENT_TARGET = 15.4;
				MTL_ENABLE_DEBUG_INFO = INCLUDE_SOURCE;
				MTL_FAST_MATH = YES;
				ONLY_ACTIVE_ARCH = YES;
				SDKROOT = iphoneos;
				SWIFT_ACTIVE_COMPILATION_CONDITIONS = DEBUG;
				SWIFT_OPTIMIZATION_LEVEL = "-Onone";
			};
			name = Debug;
		};
		95034820285DDE9900EB572E /* Release */ = {
			isa = XCBuildConfiguration;
			buildSettings = {
				ALWAYS_SEARCH_USER_PATHS = NO;
				CLANG_ANALYZER_NONNULL = YES;
				CLANG_ANALYZER_NUMBER_OBJECT_CONVERSION = YES_AGGRESSIVE;
				CLANG_CXX_LANGUAGE_STANDARD = "gnu++17";
				CLANG_ENABLE_MODULES = YES;
				CLANG_ENABLE_OBJC_ARC = YES;
				CLANG_ENABLE_OBJC_WEAK = YES;
				CLANG_WARN_BLOCK_CAPTURE_AUTORELEASING = YES;
				CLANG_WARN_BOOL_CONVERSION = YES;
				CLANG_WARN_COMMA = YES;
				CLANG_WARN_CONSTANT_CONVERSION = YES;
				CLANG_WARN_DEPRECATED_OBJC_IMPLEMENTATIONS = YES;
				CLANG_WARN_DIRECT_OBJC_ISA_USAGE = YES_ERROR;
				CLANG_WARN_DOCUMENTATION_COMMENTS = YES;
				CLANG_WARN_EMPTY_BODY = YES;
				CLANG_WARN_ENUM_CONVERSION = YES;
				CLANG_WARN_INFINITE_RECURSION = YES;
				CLANG_WARN_INT_CONVERSION = YES;
				CLANG_WARN_NON_LITERAL_NULL_CONVERSION = YES;
				CLANG_WARN_OBJC_IMPLICIT_RETAIN_SELF = YES;
				CLANG_WARN_OBJC_LITERAL_CONVERSION = YES;
				CLANG_WARN_OBJC_ROOT_CLASS = YES_ERROR;
				CLANG_WARN_QUOTED_INCLUDE_IN_FRAMEWORK_HEADER = YES;
				CLANG_WARN_RANGE_LOOP_ANALYSIS = YES;
				CLANG_WARN_STRICT_PROTOTYPES = YES;
				CLANG_WARN_SUSPICIOUS_MOVE = YES;
				CLANG_WARN_UNGUARDED_AVAILABILITY = YES_AGGRESSIVE;
				CLANG_WARN_UNREACHABLE_CODE = YES;
				CLANG_WARN__DUPLICATE_METHOD_MATCH = YES;
				COPY_PHASE_STRIP = NO;
				DEBUG_INFORMATION_FORMAT = "dwarf-with-dsym";
				ENABLE_NS_ASSERTIONS = NO;
				ENABLE_STRICT_OBJC_MSGSEND = YES;
				GCC_C_LANGUAGE_STANDARD = gnu11;
				GCC_NO_COMMON_BLOCKS = YES;
				GCC_WARN_64_TO_32_BIT_CONVERSION = YES;
				GCC_WARN_ABOUT_RETURN_TYPE = YES_ERROR;
				GCC_WARN_UNDECLARED_SELECTOR = YES;
				GCC_WARN_UNINITIALIZED_AUTOS = YES_AGGRESSIVE;
				GCC_WARN_UNUSED_FUNCTION = YES;
				GCC_WARN_UNUSED_VARIABLE = YES;
				IPHONEOS_DEPLOYMENT_TARGET = 15.4;
				MTL_ENABLE_DEBUG_INFO = NO;
				MTL_FAST_MATH = YES;
				SDKROOT = iphoneos;
				SWIFT_COMPILATION_MODE = wholemodule;
				SWIFT_OPTIMIZATION_LEVEL = "-O";
				VALIDATE_PRODUCT = YES;
			};
			name = Release;
		};
		95034822285DDE9900EB572E /* Debug */ = {
			isa = XCBuildConfiguration;
			baseConfigurationReference = FB7D5A3F393A7A3E1BBD616B /* Pods-OKTMDb.debug.xcconfig */;
			buildSettings = {
				ASSETCATALOG_COMPILER_APPICON_NAME = AppIcon;
				ASSETCATALOG_COMPILER_GLOBAL_ACCENT_COLOR_NAME = AccentColor;
				CODE_SIGN_STYLE = Automatic;
				CURRENT_PROJECT_VERSION = 1;
				DEVELOPMENT_TEAM = 7HRBP97NH3;
				GENERATE_INFOPLIST_FILE = YES;
				INFOPLIST_FILE = OKTMDb/SupportFiles/Info.plist;
				INFOPLIST_KEY_UIApplicationSupportsIndirectInputEvents = YES;
				INFOPLIST_KEY_UILaunchStoryboardName = LaunchScreen;
				INFOPLIST_KEY_UIMainStoryboardFile = Main;
				INFOPLIST_KEY_UISupportedInterfaceOrientations_iPad = "UIInterfaceOrientationPortrait UIInterfaceOrientationPortraitUpsideDown UIInterfaceOrientationLandscapeLeft UIInterfaceOrientationLandscapeRight";
				INFOPLIST_KEY_UISupportedInterfaceOrientations_iPhone = "UIInterfaceOrientationPortrait UIInterfaceOrientationLandscapeLeft UIInterfaceOrientationLandscapeRight";
				LD_RUNPATH_SEARCH_PATHS = (
					"$(inherited)",
					"@executable_path/Frameworks",
				);
				MARKETING_VERSION = 1.0;
				PRODUCT_BUNDLE_IDENTIFIER = com.onderkosar.OKTMDb;
				PRODUCT_NAME = "$(TARGET_NAME)";
				SWIFT_EMIT_LOC_STRINGS = YES;
				SWIFT_VERSION = 5.0;
				TARGETED_DEVICE_FAMILY = "1,2";
			};
			name = Debug;
		};
		95034823285DDE9900EB572E /* Release */ = {
			isa = XCBuildConfiguration;
			baseConfigurationReference = EAC5426C075271B3E7DA09F9 /* Pods-OKTMDb.release.xcconfig */;
			buildSettings = {
				ASSETCATALOG_COMPILER_APPICON_NAME = AppIcon;
				ASSETCATALOG_COMPILER_GLOBAL_ACCENT_COLOR_NAME = AccentColor;
				CODE_SIGN_STYLE = Automatic;
				CURRENT_PROJECT_VERSION = 1;
				DEVELOPMENT_TEAM = 7HRBP97NH3;
				GENERATE_INFOPLIST_FILE = YES;
				INFOPLIST_FILE = OKTMDb/SupportFiles/Info.plist;
				INFOPLIST_KEY_UIApplicationSupportsIndirectInputEvents = YES;
				INFOPLIST_KEY_UILaunchStoryboardName = LaunchScreen;
				INFOPLIST_KEY_UIMainStoryboardFile = Main;
				INFOPLIST_KEY_UISupportedInterfaceOrientations_iPad = "UIInterfaceOrientationPortrait UIInterfaceOrientationPortraitUpsideDown UIInterfaceOrientationLandscapeLeft UIInterfaceOrientationLandscapeRight";
				INFOPLIST_KEY_UISupportedInterfaceOrientations_iPhone = "UIInterfaceOrientationPortrait UIInterfaceOrientationLandscapeLeft UIInterfaceOrientationLandscapeRight";
				LD_RUNPATH_SEARCH_PATHS = (
					"$(inherited)",
					"@executable_path/Frameworks",
				);
				MARKETING_VERSION = 1.0;
				PRODUCT_BUNDLE_IDENTIFIER = com.onderkosar.OKTMDb;
				PRODUCT_NAME = "$(TARGET_NAME)";
				SWIFT_EMIT_LOC_STRINGS = YES;
				SWIFT_VERSION = 5.0;
				TARGETED_DEVICE_FAMILY = "1,2";
			};
			name = Release;
		};
/* End XCBuildConfiguration section */

/* Begin XCConfigurationList section */
		95034808285DDE9900EB572E /* Build configuration list for PBXProject "OKTMDb" */ = {
			isa = XCConfigurationList;
			buildConfigurations = (
				9503481F285DDE9900EB572E /* Debug */,
				95034820285DDE9900EB572E /* Release */,
			);
			defaultConfigurationIsVisible = 0;
			defaultConfigurationName = Release;
		};
		95034821285DDE9900EB572E /* Build configuration list for PBXNativeTarget "OKTMDb" */ = {
			isa = XCConfigurationList;
			buildConfigurations = (
				95034822285DDE9900EB572E /* Debug */,
				95034823285DDE9900EB572E /* Release */,
			);
			defaultConfigurationIsVisible = 0;
			defaultConfigurationName = Release;
		};
/* End XCConfigurationList section */
	};
	rootObject = 95034805285DDE9900EB572E /* Project object */;
}
